// !$*UTF8*$!
{
	archiveVersion = 1;
	classes = {
	};
	objectVersion = 50;
	objects = {

/* Begin PBXBuildFile section */
		84DE115D2431B39D00A3F8BF /* AppDelegate.swift in Sources */ = {isa = PBXBuildFile; fileRef = 84DE115C2431B39D00A3F8BF /* AppDelegate.swift */; };
		84DE115F2431B39D00A3F8BF /* ViewController.swift in Sources */ = {isa = PBXBuildFile; fileRef = 84DE115E2431B39D00A3F8BF /* ViewController.swift */; };
		84DE11622431B39D00A3F8BF /* Main.storyboard in Resources */ = {isa = PBXBuildFile; fileRef = 84DE11602431B39D00A3F8BF /* Main.storyboard */; };
		84DE11642431B39E00A3F8BF /* Assets.xcassets in Resources */ = {isa = PBXBuildFile; fileRef = 84DE11632431B39E00A3F8BF /* Assets.xcassets */; };
		84DE11672431B39E00A3F8BF /* LaunchScreen.storyboard in Resources */ = {isa = PBXBuildFile; fileRef = 84DE11652431B39E00A3F8BF /* LaunchScreen.storyboard */; };
		84DE116F2431B3CB00A3F8BF /* PlayingCard.swift in Sources */ = {isa = PBXBuildFile; fileRef = 84DE116E2431B3CB00A3F8BF /* PlayingCard.swift */; };
		84DE11712431BA4E00A3F8BF /* PlayingCardDeck.swift in Sources */ = {isa = PBXBuildFile; fileRef = 84DE11702431BA4E00A3F8BF /* PlayingCardDeck.swift */; };
		84DE11732431C14800A3F8BF /* PlayingCardView.swift in Sources */ = {isa = PBXBuildFile; fileRef = 84DE11722431C14800A3F8BF /* PlayingCardView.swift */; };
/* End PBXBuildFile section */

/* Begin PBXFileReference section */
		84DE11592431B39D00A3F8BF /* PlayingCardDemo.app */ = {isa = PBXFileReference; explicitFileType = wrapper.application; includeInIndex = 0; path = PlayingCardDemo.app; sourceTree = BUILT_PRODUCTS_DIR; };
		84DE115C2431B39D00A3F8BF /* AppDelegate.swift */ = {isa = PBXFileReference; lastKnownFileType = sourcecode.swift; path = AppDelegate.swift; sourceTree = "<group>"; };
		84DE115E2431B39D00A3F8BF /* ViewController.swift */ = {isa = PBXFileReference; lastKnownFileType = sourcecode.swift; path = ViewController.swift; sourceTree = "<group>"; };
		84DE11612431B39D00A3F8BF /* Base */ = {isa = PBXFileReference; lastKnownFileType = file.storyboard; name = Base; path = Base.lproj/Main.storyboard; sourceTree = "<group>"; };
		84DE11632431B39E00A3F8BF /* Assets.xcassets */ = {isa = PBXFileReference; lastKnownFileType = folder.assetcatalog; path = Assets.xcassets; sourceTree = "<group>"; };
		84DE11662431B39E00A3F8BF /* Base */ = {isa = PBXFileReference; lastKnownFileType = file.storyboard; name = Base; path = Base.lproj/LaunchScreen.storyboard; sourceTree = "<group>"; };
		84DE11682431B39E00A3F8BF /* Info.plist */ = {isa = PBXFileReference; lastKnownFileType = text.plist.xml; path = Info.plist; sourceTree = "<group>"; };
		84DE116E2431B3CB00A3F8BF /* PlayingCard.swift */ = {isa = PBXFileReference; lastKnownFileType = sourcecode.swift; path = PlayingCard.swift; sourceTree = "<group>"; };
		84DE11702431BA4E00A3F8BF /* PlayingCardDeck.swift */ = {isa = PBXFileReference; lastKnownFileType = sourcecode.swift; path = PlayingCardDeck.swift; sourceTree = "<group>"; };
		84DE11722431C14800A3F8BF /* PlayingCardView.swift */ = {isa = PBXFileReference; lastKnownFileType = sourcecode.swift; path = PlayingCardView.swift; sourceTree = "<group>"; };
/* End PBXFileReference section */

/* Begin PBXFrameworksBuildPhase section */
		84DE11562431B39D00A3F8BF /* Frameworks */ = {
			isa = PBXFrameworksBuildPhase;
			buildActionMask = 2147483647;
			files = (
			);
			runOnlyForDeploymentPostprocessing = 0;
		};
/* End PBXFrameworksBuildPhase section */

/* Begin PBXGroup section */
		84DE11502431B39D00A3F8BF = {
			isa = PBXGroup;
			children = (
				84DE115B2431B39D00A3F8BF /* PlayingCardDemo */,
				84DE115A2431B39D00A3F8BF /* Products */,
			);
			sourceTree = "<group>";
		};
		84DE115A2431B39D00A3F8BF /* Products */ = {
			isa = PBXGroup;
			children = (
				84DE11592431B39D00A3F8BF /* PlayingCardDemo.app */,
			);
			name = Products;
			sourceTree = "<group>";
		};
		84DE115B2431B39D00A3F8BF /* PlayingCardDemo */ = {
			isa = PBXGroup;
			children = (
				84DE116E2431B3CB00A3F8BF /* PlayingCard.swift */,
				84DE11722431C14800A3F8BF /* PlayingCardView.swift */,
				84DE11702431BA4E00A3F8BF /* PlayingCardDeck.swift */,
				84DE115C2431B39D00A3F8BF /* AppDelegate.swift */,
				84DE115E2431B39D00A3F8BF /* ViewController.swift */,
				84DE11602431B39D00A3F8BF /* Main.storyboard */,
				84DE11632431B39E00A3F8BF /* Assets.xcassets */,
				84DE11652431B39E00A3F8BF /* LaunchScreen.storyboard */,
				84DE11682431B39E00A3F8BF /* Info.plist */,
			);
			path = PlayingCardDemo;
			sourceTree = "<group>";
		};
/* End PBXGroup section */

/* Begin PBXNativeTarget section */
		84DE11582431B39D00A3F8BF /* PlayingCardDemo */ = {
			isa = PBXNativeTarget;
			buildConfigurationList = 84DE116B2431B39E00A3F8BF /* Build configuration list for PBXNativeTarget "PlayingCardDemo" */;
			buildPhases = (
				84DE11552431B39D00A3F8BF /* Sources */,
				84DE11562431B39D00A3F8BF /* Frameworks */,
				84DE11572431B39D00A3F8BF /* Resources */,
			);
			buildRules = (
			);
			dependencies = (
			);
			name = PlayingCardDemo;
			productName = PlayingCardDemo;
			productReference = 84DE11592431B39D00A3F8BF /* PlayingCardDemo.app */;
			productType = "com.apple.product-type.application";
		};
/* End PBXNativeTarget section */

/* Begin PBXProject section */
		84DE11512431B39D00A3F8BF /* Project object */ = {
			isa = PBXProject;
			attributes = {
				LastSwiftUpdateCheck = 1030;
				LastUpgradeCheck = 1030;
				ORGANIZATIONNAME = "Jefferson Qin";
				TargetAttributes = {
					84DE11582431B39D00A3F8BF = {
						CreatedOnToolsVersion = 10.3;
					};
				};
			};
			buildConfigurationList = 84DE11542431B39D00A3F8BF /* Build configuration list for PBXProject "PlayingCardDemo" */;
			compatibilityVersion = "Xcode 9.3";
			developmentRegion = en;
			hasScannedForEncodings = 0;
			knownRegions = (
				en,
				Base,
			);
			mainGroup = 84DE11502431B39D00A3F8BF;
			productRefGroup = 84DE115A2431B39D00A3F8BF /* Products */;
			projectDirPath = "";
			projectRoot = "";
			targets = (
				84DE11582431B39D00A3F8BF /* PlayingCardDemo */,
			);
		};
/* End PBXProject section */

/* Begin PBXResourcesBuildPhase section */
		84DE11572431B39D00A3F8BF /* Resources */ = {
			isa = PBXResourcesBuildPhase;
			buildActionMask = 2147483647;
			files = (
				84DE11672431B39E00A3F8BF /* LaunchScreen.storyboard in Resources */,
				84DE11642431B39E00A3F8BF /* Assets.xcassets in Resources */,
				84DE11622431B39D00A3F8BF /* Main.storyboard in Resources */,
			);
			runOnlyForDeploymentPostprocessing = 0;
		};
/* End PBXResourcesBuildPhase section */

/* Begin PBXSourcesBuildPhase section */
		84DE11552431B39D00A3F8BF /* Sources */ = {
			isa = PBXSourcesBuildPhase;
			buildActionMask = 2147483647;
			files = (
				84DE115F2431B39D00A3F8BF /* ViewController.swift in Sources */,
				84DE11712431BA4E00A3F8BF /* PlayingCardDeck.swift in Sources */,
				84DE116F2431B3CB00A3F8BF /* PlayingCard.swift in Sources */,
				84DE11732431C14800A3F8BF /* PlayingCardView.swift in Sources */,
				84DE115D2431B39D00A3F8BF /* AppDelegate.swift in Sources */,
			);
			runOnlyForDeploymentPostprocessing = 0;
		};
/* End PBXSourcesBuildPhase section */

/* Begin PBXVariantGroup section */
		84DE11602431B39D00A3F8BF /* Main.storyboard */ = {
			isa = PBXVariantGroup;
			children = (
				84DE11612431B39D00A3F8BF /* Base */,
			);
			name = Main.storyboard;
			sourceTree = "<group>";
		};
		84DE11652431B39E00A3F8BF /* LaunchScreen.storyboard */ = {
			isa = PBXVariantGroup;
			children = (
				84DE11662431B39E00A3F8BF /* Base */,
			);
			name = LaunchScreen.storyboard;
			sourceTree = "<group>";
		};
/* End PBXVariantGroup section */

/* Begin XCBuildConfiguration section */
		84DE11692431B39E00A3F8BF /* Debug */ = {
			isa = XCBuildConfiguration;
			buildSettings = {
				ALWAYS_SEARCH_USER_PATHS = NO;
				CLANG_ANALYZER_NONNULL = YES;
				CLANG_ANALYZER_NUMBER_OBJECT_CONVERSION = YES_AGGRESSIVE;
				CLANG_CXX_LANGUAGE_STANDARD = "gnu++14";
				CLANG_CXX_LIBRARY = "libc++";
				CLANG_ENABLE_MODULES = YES;
				CLANG_ENABLE_OBJC_ARC = YES;
				CLANG_ENABLE_OBJC_WEAK = YES;
				CLANG_WARN_BLOCK_CAPTURE_AUTORELEASING = YES;
				CLANG_WARN_BOOL_CONVERSION = YES;
				CLANG_WARN_COMMA = YES;
				CLANG_WARN_CONSTANT_CONVERSION = YES;
				CLANG_WARN_DEPRECATED_OBJC_IMPLEMENTATIONS = YES;
				CLANG_WARN_DIRECT_OBJC_ISA_USAGE = YES_ERROR;
				CLANG_WARN_DOCUMENTATION_COMMENTS = YES;
				CLANG_WARN_EMPTY_BODY = YES;
				CLANG_WARN_ENUM_CONVERSION = YES;
				CLANG_WARN_INFINITE_RECURSION = YES;
				CLANG_WARN_INT_CONVERSION = YES;
				CLANG_WARN_NON_LITERAL_NULL_CONVERSION = YES;
				CLANG_WARN_OBJC_IMPLICIT_RETAIN_SELF = YES;
				CLANG_WARN_OBJC_LITERAL_CONVERSION = YES;
				CLANG_WARN_OBJC_ROOT_CLASS = YES_ERROR;
				CLANG_WARN_RANGE_LOOP_ANALYSIS = YES;
				CLANG_WARN_STRICT_PROTOTYPES = YES;
				CLANG_WARN_SUSPICIOUS_MOVE = YES;
				CLANG_WARN_UNGUARDED_AVAILABILITY = YES_AGGRESSIVE;
				CLANG_WARN_UNREACHABLE_CODE = YES;
				CLANG_WARN__DUPLICATE_METHOD_MATCH = YES;
				CODE_SIGN_IDENTITY = "iPhone Developer";
				COPY_PHASE_STRIP = NO;
				DEBUG_INFORMATION_FORMAT = dwarf;
				ENABLE_STRICT_OBJC_MSGSEND = YES;
				ENABLE_TESTABILITY = YES;
				GCC_C_LANGUAGE_STANDARD = gnu11;
				GCC_DYNAMIC_NO_PIC = NO;
				GCC_NO_COMMON_BLOCKS = YES;
				GCC_OPTIMIZATION_LEVEL = 0;
				GCC_PREPROCESSOR_DEFINITIONS = (
					"DEBUG=1",
					"$(inherited)",
				);
				GCC_WARN_64_TO_32_BIT_CONVERSION = YES;
				GCC_WARN_ABOUT_RETURN_TYPE = YES_ERROR;
				GCC_WARN_UNDECLARED_SELECTOR = YES;
				GCC_WARN_UNINITIALIZED_AUTOS = YES_AGGRESSIVE;
				GCC_WARN_UNUSED_FUNCTION = YES;
				GCC_WARN_UNUSED_VARIABLE = YES;
				IPHONEOS_DEPLOYMENT_TARGET = 12.4;
				MTL_ENABLE_DEBUG_INFO = INCLUDE_SOURCE;
				MTL_FAST_MATH = YES;
				ONLY_ACTIVE_ARCH = YES;
				SDKROOT = iphoneos;
				SWIFT_ACTIVE_COMPILATION_CONDITIONS = DEBUG;
				SWIFT_OPTIMIZATION_LEVEL = "-Onone";
			};
			name = Debug;
		};
		84DE116A2431B39E00A3F8BF /* Release */ = {
			isa = XCBuildConfiguration;
			buildSettings = {
				ALWAYS_SEARCH_USER_PATHS = NO;
				CLANG_ANALYZER_NONNULL = YES;
				CLANG_ANALYZER_NUMBER_OBJECT_CONVERSION = YES_AGGRESSIVE;
				CLANG_CXX_LANGUAGE_STANDARD = "gnu++14";
				CLANG_CXX_LIBRARY = "libc++";
				CLANG_ENABLE_MODULES = YES;
				CLANG_ENABLE_OBJC_ARC = YES;
				CLANG_ENABLE_OBJC_WEAK = YES;
				CLANG_WARN_BLOCK_CAPTURE_AUTORELEASING = YES;
				CLANG_WARN_BOOL_CONVERSION = YES;
				CLANG_WARN_COMMA = YES;
				CLANG_WARN_CONSTANT_CONVERSION = YES;
				CLANG_WARN_DEPRECATED_OBJC_IMPLEMENTATIONS = YES;
				CLANG_WARN_DIRECT_OBJC_ISA_USAGE = YES_ERROR;
				CLANG_WARN_DOCUMENTATION_COMMENTS = YES;
				CLANG_WARN_EMPTY_BODY = YES;
				CLANG_WARN_ENUM_CONVERSION = YES;
				CLANG_WARN_INFINITE_RECURSION = YES;
				CLANG_WARN_INT_CONVERSION = YES;
				CLANG_WARN_NON_LITERAL_NULL_CONVERSION = YES;
				CLANG_WARN_OBJC_IMPLICIT_RETAIN_SELF = YES;
				CLANG_WARN_OBJC_LITERAL_CONVERSION = YES;
				CLANG_WARN_OBJC_ROOT_CLASS = YES_ERROR;
				CLANG_WARN_RANGE_LOOP_ANALYSIS = YES;
				CLANG_WARN_STRICT_PROTOTYPES = YES;
				CLANG_WARN_SUSPICIOUS_MOVE = YES;
				CLANG_WARN_UNGUARDED_AVAILABILITY = YES_AGGRESSIVE;
				CLANG_WARN_UNREACHABLE_CODE = YES;
				CLANG_WARN__DUPLICATE_METHOD_MATCH = YES;
				CODE_SIGN_IDENTITY = "iPhone Developer";
				COPY_PHASE_STRIP = NO;
				DEBUG_INFORMATION_FORMAT = "dwarf-with-dsym";
				ENABLE_NS_ASSERTIONS = NO;
				ENABLE_STRICT_OBJC_MSGSEND = YES;
				GCC_C_LANGUAGE_STANDARD = gnu11;
				GCC_NO_COMMON_BLOCKS = YES;
				GCC_WARN_64_TO_32_BIT_CONVERSION = YES;
				GCC_WARN_ABOUT_RETURN_TYPE = YES_ERROR;
				GCC_WARN_UNDECLARED_SELECTOR = YES;
				GCC_WARN_UNINITIALIZED_AUTOS = YES_AGGRESSIVE;
				GCC_WARN_UNUSED_FUNCTION = YES;
				GCC_WARN_UNUSED_VARIABLE = YES;
				IPHONEOS_DEPLOYMENT_TARGET = 12.4;
				MTL_ENABLE_DEBUG_INFO = NO;
				MTL_FAST_MATH = YES;
				SDKROOT = iphoneos;
				SWIFT_COMPILATION_MODE = wholemodule;
				SWIFT_OPTIMIZATION_LEVEL = "-O";
				VALIDATE_PRODUCT = YES;
			};
			name = Release;
		};
		84DE116C2431B39E00A3F8BF /* Debug */ = {
			isa = XCBuildConfiguration;
			buildSettings = {
				ASSETCATALOG_COMPILER_APPICON_NAME = AppIcon;
				CODE_SIGN_STYLE = Automatic;
				DEVELOPMENT_TEAM = MM7G949396;
				INFOPLIST_FILE = PlayingCardDemo/Info.plist;
				LD_RUNPATH_SEARCH_PATHS = (
					"$(inherited)",
					"@executable_path/Frameworks",
				);
				PRODUCT_BUNDLE_IDENTIFIER = edu.sfls.JeffersonQin.PlayingCardDemo;
				PRODUCT_NAME = "$(TARGET_NAME)";
				SWIFT_VERSION = 5.0;
				TARGETED_DEVICE_FAMILY = "1,2";
			};
			name = Debug;
		};
		84DE116D2431B39E00A3F8BF /* Release */ = {
			isa = XCBuildConfiguration;
			buildSettings = {
				ASSETCATALOG_COMPILER_APPICON_NAME = AppIcon;
				CODE_SIGN_STYLE = Automatic;
				DEVELOPMENT_TEAM = MM7G949396;
				INFOPLIST_FILE = PlayingCardDemo/Info.plist;
				LD_RUNPATH_SEARCH_PATHS = (
					"$(inherited)",
					"@executable_path/Frameworks",
				);
				PRODUCT_BUNDLE_IDENTIFIER = edu.sfls.JeffersonQin.PlayingCardDemo;
				PRODUCT_NAME = "$(TARGET_NAME)";
				SWIFT_VERSION = 5.0;
				TARGETED_DEVICE_FAMILY = "1,2";
			};
			name = Release;
		};
/* End XCBuildConfiguration section */

/* Begin XCConfigurationList section */
		84DE11542431B39D00A3F8BF /* Build configuration list for PBXProject "PlayingCardDemo" */ = {
			isa = XCConfigurationList;
			buildConfigurations = (
				84DE11692431B39E00A3F8BF /* Debug */,
				84DE116A2431B39E00A3F8BF /* Release */,
			);
			defaultConfigurationIsVisible = 0;
			defaultConfigurationName = Release;
		};
		84DE116B2431B39E00A3F8BF /* Build configuration list for PBXNativeTarget "PlayingCardDemo" */ = {
			isa = XCConfigurationList;
			buildConfigurations = (
				84DE116C2431B39E00A3F8BF /* Debug */,
				84DE116D2431B39E00A3F8BF /* Release */,
			);
			defaultConfigurationIsVisible = 0;
			defaultConfigurationName = Release;
		};
/* End XCConfigurationList section */
	};
	rootObject = 84DE11512431B39D00A3F8BF /* Project object */;
}
